
Microsoft Visual Studio Solution File, Format Version 12.00
# Visual Studio 15
VisualStudioVersion = 15.0.27004.2008
MinimumVisualStudioVersion = 10.0.40219.1
Project("{FAE04EC0-301F-11D3-BF4B-00C04F79EFBC}") = "Fibonacci", "Algoritm\Fibonacci.csproj", "{3F542FB2-2CC7-4C06-BAAB-4092E09B58D0}"
EndProject
Project("{FAE04EC0-301F-11D3-BF4B-00C04F79EFBC}") = "PalindromeFinder", "PalindromeFinder\PalindromeFinder.csproj", "{5E787EE8-0D11-4D8A-94DE-831C948EFCC9}"
EndProject
Project("{FAE04EC0-301F-11D3-BF4B-00C04F79EFBC}") = "Factorial", "Factorial\Factorial.csproj", "{60664668-FA5B-48CF-804E-B461EAF5B9C0}"
EndProject
Project("{FAE04EC0-301F-11D3-BF4B-00C04F79EFBC}") = "CompareTriplets", "HackerRankAlgo\CompareTriplets.csproj", "{164EC498-88BB-48B2-8D28-0DAA7ACB3640}"
EndProject
Project("{FAE04EC0-301F-11D3-BF4B-00C04F79EFBC}") = "A_Very_Big_Sum", "A_Very_Big_Sum\A_Very_Big_Sum.csproj", "{3332A719-C26B-4F28-B653-C6230AF7BD6C}"
EndProject
Project("{FAE04EC0-301F-11D3-BF4B-00C04F79EFBC}") = "ArmStrongNumber", "ArmStrongNumber\ArmStrongNumber.csproj", "{99911BF8-5BDF-4324-A83D-B708661B33DF}"
EndProject
Project("{FAE04EC0-301F-11D3-BF4B-00C04F79EFBC}") = "Sorting", "Sorting\Sorting.csproj", "{0DFCEF6A-79F2-40EE-A78F-EE30EDCEA683}"
EndProject
Project("{FAE04EC0-301F-11D3-BF4B-00C04F79EFBC}") = "Divisible By", "Divisible By\Divisible By.csproj", "{A6C29649-5298-420B-A3EC-9C5EC50D0ED9}"
EndProject
Project("{FAE04EC0-301F-11D3-BF4B-00C04F79EFBC}") = "WordRepeat", "WordRepeat\WordRepeat.csproj", "{60E5B93D-D1A2-40B2-9858-2B97FE3E0FA2}"
EndProject
Project("{FAE04EC0-301F-11D3-BF4B-00C04F79EFBC}") = "HeapSort", "HeapSort\HeapSort.csproj", "{37621EE9-01C3-4DE0-B1E3-4280231AF36B}"
EndProject
Project("{FAE04EC0-301F-11D3-BF4B-00C04F79EFBC}") = "QuickSorting", "QuickSorting\QuickSorting.csproj", "{B2C29F2A-9B2A-4F4B-B243-33F5EC5442FD}"
EndProject
Project("{FAE04EC0-301F-11D3-BF4B-00C04F79EFBC}") = "InsertSorting", "InsertSorting\InsertSorting.csproj", "{83D961C8-F1FC-405B-A90C-30D7A2ECB9E2}"
EndProject
Project("{FAE04EC0-301F-11D3-BF4B-00C04F79EFBC}") = "MergeSorting", "MergeSorting\MergeSorting.csproj", "{ED0C7372-3BA3-45D9-9AC5-462AE955B675}"
EndProject
Project("{FAE04EC0-301F-11D3-BF4B-00C04F79EFBC}") = "CompleteSortingAlgo", "CompleteSortingAlgo\CompleteSortingAlgo.csproj", "{B0492458-BFFC-4F51-914F-E3C0FA445A9A}"
EndProject
Project("{FAE04EC0-301F-11D3-BF4B-00C04F79EFBC}") = "ConstructorDemo", "ConstructorDemo\ConstructorDemo.csproj", "{3B9F7FDA-9CDC-4A26-904B-FB148AF8A3A7}"
EndProject
Global
	GlobalSection(SolutionConfigurationPlatforms) = preSolution
		Debug|Any CPU = Debug|Any CPU
		Release|Any CPU = Release|Any CPU
	EndGlobalSection
	GlobalSection(ProjectConfigurationPlatforms) = postSolution
		{3F542FB2-2CC7-4C06-BAAB-4092E09B58D0}.Debug|Any CPU.ActiveCfg = Debug|Any CPU
		{3F542FB2-2CC7-4C06-BAAB-4092E09B58D0}.Debug|Any CPU.Build.0 = Debug|Any CPU
		{3F542FB2-2CC7-4C06-BAAB-4092E09B58D0}.Release|Any CPU.ActiveCfg = Release|Any CPU
		{3F542FB2-2CC7-4C06-BAAB-4092E09B58D0}.Release|Any CPU.Build.0 = Release|Any CPU
		{5E787EE8-0D11-4D8A-94DE-831C948EFCC9}.Debug|Any CPU.ActiveCfg = Debug|Any CPU
		{5E787EE8-0D11-4D8A-94DE-831C948EFCC9}.Debug|Any CPU.Build.0 = Debug|Any CPU
		{5E787EE8-0D11-4D8A-94DE-831C948EFCC9}.Release|Any CPU.ActiveCfg = Release|Any CPU
		{5E787EE8-0D11-4D8A-94DE-831C948EFCC9}.Release|Any CPU.Build.0 = Release|Any CPU
		{60664668-FA5B-48CF-804E-B461EAF5B9C0}.Debug|Any CPU.ActiveCfg = Debug|Any CPU
		{60664668-FA5B-48CF-804E-B461EAF5B9C0}.Debug|Any CPU.Build.0 = Debug|Any CPU
		{60664668-FA5B-48CF-804E-B461EAF5B9C0}.Release|Any CPU.ActiveCfg = Release|Any CPU
		{60664668-FA5B-48CF-804E-B461EAF5B9C0}.Release|Any CPU.Build.0 = Release|Any CPU
		{164EC498-88BB-48B2-8D28-0DAA7ACB3640}.Debug|Any CPU.ActiveCfg = Debug|Any CPU
		{164EC498-88BB-48B2-8D28-0DAA7ACB3640}.Debug|Any CPU.Build.0 = Debug|Any CPU
		{164EC498-88BB-48B2-8D28-0DAA7ACB3640}.Release|Any CPU.ActiveCfg = Release|Any CPU
		{164EC498-88BB-48B2-8D28-0DAA7ACB3640}.Release|Any CPU.Build.0 = Release|Any CPU
		{3332A719-C26B-4F28-B653-C6230AF7BD6C}.Debug|Any CPU.ActiveCfg = Debug|Any CPU
		{3332A719-C26B-4F28-B653-C6230AF7BD6C}.Debug|Any CPU.Build.0 = Debug|Any CPU
		{3332A719-C26B-4F28-B653-C6230AF7BD6C}.Release|Any CPU.ActiveCfg = Release|Any CPU
		{3332A719-C26B-4F28-B653-C6230AF7BD6C}.Release|Any CPU.Build.0 = Release|Any CPU
		{99911BF8-5BDF-4324-A83D-B708661B33DF}.Debug|Any CPU.ActiveCfg = Debug|Any CPU
		{99911BF8-5BDF-4324-A83D-B708661B33DF}.Debug|Any CPU.Build.0 = Debug|Any CPU
		{99911BF8-5BDF-4324-A83D-B708661B33DF}.Release|Any CPU.ActiveCfg = Release|Any CPU
		{99911BF8-5BDF-4324-A83D-B708661B33DF}.Release|Any CPU.Build.0 = Release|Any CPU
		{0DFCEF6A-79F2-40EE-A78F-EE30EDCEA683}.Debug|Any CPU.ActiveCfg = Debug|Any CPU
		{0DFCEF6A-79F2-40EE-A78F-EE30EDCEA683}.Debug|Any CPU.Build.0 = Debug|Any CPU
		{0DFCEF6A-79F2-40EE-A78F-EE30EDCEA683}.Release|Any CPU.ActiveCfg = Release|Any CPU
		{0DFCEF6A-79F2-40EE-A78F-EE30EDCEA683}.Release|Any CPU.Build.0 = Release|Any CPU
		{A6C29649-5298-420B-A3EC-9C5EC50D0ED9}.Debug|Any CPU.ActiveCfg = Debug|Any CPU
		{A6C29649-5298-420B-A3EC-9C5EC50D0ED9}.Debug|Any CPU.Build.0 = Debug|Any CPU
		{A6C29649-5298-420B-A3EC-9C5EC50D0ED9}.Release|Any CPU.ActiveCfg = Release|Any CPU
		{A6C29649-5298-420B-A3EC-9C5EC50D0ED9}.Release|Any CPU.Build.0 = Release|Any CPU
		{60E5B93D-D1A2-40B2-9858-2B97FE3E0FA2}.Debug|Any CPU.ActiveCfg = Debug|Any CPU
		{60E5B93D-D1A2-40B2-9858-2B97FE3E0FA2}.Debug|Any CPU.Build.0 = Debug|Any CPU
		{60E5B93D-D1A2-40B2-9858-2B97FE3E0FA2}.Release|Any CPU.ActiveCfg = Release|Any CPU
		{60E5B93D-D1A2-40B2-9858-2B97FE3E0FA2}.Release|Any CPU.Build.0 = Release|Any CPU
		{37621EE9-01C3-4DE0-B1E3-4280231AF36B}.Debug|Any CPU.ActiveCfg = Debug|Any CPU
		{37621EE9-01C3-4DE0-B1E3-4280231AF36B}.Debug|Any CPU.Build.0 = Debug|Any CPU
		{37621EE9-01C3-4DE0-B1E3-4280231AF36B}.Release|Any CPU.ActiveCfg = Release|Any CPU
		{37621EE9-01C3-4DE0-B1E3-4280231AF36B}.Release|Any CPU.Build.0 = Release|Any CPU
		{B2C29F2A-9B2A-4F4B-B243-33F5EC5442FD}.Debug|Any CPU.ActiveCfg = Debug|Any CPU
		{B2C29F2A-9B2A-4F4B-B243-33F5EC5442FD}.Debug|Any CPU.Build.0 = Debug|Any CPU
		{B2C29F2A-9B2A-4F4B-B243-33F5EC5442FD}.Release|Any CPU.ActiveCfg = Release|Any CPU
		{B2C29F2A-9B2A-4F4B-B243-33F5EC5442FD}.Release|Any CPU.Build.0 = Release|Any CPU
		{83D961C8-F1FC-405B-A90C-30D7A2ECB9E2}.Debug|Any CPU.ActiveCfg = Debug|Any CPU
		{83D961C8-F1FC-405B-A90C-30D7A2ECB9E2}.Debug|Any CPU.Build.0 = Debug|Any CPU
		{83D961C8-F1FC-405B-A90C-30D7A2ECB9E2}.Release|Any CPU.ActiveCfg = Release|Any CPU
		{83D961C8-F1FC-405B-A90C-30D7A2ECB9E2}.Release|Any CPU.Build.0 = Release|Any CPU
		{ED0C7372-3BA3-45D9-9AC5-462AE955B675}.Debug|Any CPU.ActiveCfg = Debug|Any CPU
		{ED0C7372-3BA3-45D9-9AC5-462AE955B675}.Debug|Any CPU.Build.0 = Debug|Any CPU
		{ED0C7372-3BA3-45D9-9AC5-462AE955B675}.Release|Any CPU.ActiveCfg = Release|Any CPU
		{ED0C7372-3BA3-45D9-9AC5-462AE955B675}.Release|Any CPU.Build.0 = Release|Any CPU
		{B0492458-BFFC-4F51-914F-E3C0FA445A9A}.Debug|Any CPU.ActiveCfg = Debug|Any CPU
		{B0492458-BFFC-4F51-914F-E3C0FA445A9A}.Debug|Any CPU.Build.0 = Debug|Any CPU
		{B0492458-BFFC-4F51-914F-E3C0FA445A9A}.Release|Any CPU.ActiveCfg = Release|Any CPU
		{B0492458-BFFC-4F51-914F-E3C0FA445A9A}.Release|Any CPU.Build.0 = Release|Any CPU
		{3B9F7FDA-9CDC-4A26-904B-FB148AF8A3A7}.Debug|Any CPU.ActiveCfg = Debug|Any CPU
		{3B9F7FDA-9CDC-4A26-904B-FB148AF8A3A7}.Debug|Any CPU.Build.0 = Debug|Any CPU
		{3B9F7FDA-9CDC-4A26-904B-FB148AF8A3A7}.Release|Any CPU.ActiveCfg = Release|Any CPU
		{3B9F7FDA-9CDC-4A26-904B-FB148AF8A3A7}.Release|Any CPU.Build.0 = Release|Any CPU
	EndGlobalSection
	GlobalSection(SolutionProperties) = preSolution
		HideSolutionNode = FALSE
	EndGlobalSection
	GlobalSection(ExtensibilityGlobals) = postSolution
		SolutionGuid = {1B7FB323-50A9-41B0-BB3E-8AEBACC0B8F7}
	EndGlobalSection
EndGlobal
