
Microsoft Visual Studio Solution File, Format Version 12.00
# Visual Studio 15
VisualStudioVersion = 15.0.27004.2008
MinimumVisualStudioVersion = 10.0.40219.1
Project("{FAE04EC0-301F-11D3-BF4B-00C04F79EFBC}") = "Fibonacci", "Algoritm\Fibonacci.csproj", "{3F542FB2-2CC7-4C06-BAAB-4092E09B58D0}"
EndProject
Project("{FAE04EC0-301F-11D3-BF4B-00C04F79EFBC}") = "PalindromeFinder", "PalindromeFinder\PalindromeFinder.csproj", "{5E787EE8-0D11-4D8A-94DE-831C948EFCC9}"
EndProject
Project("{FAE04EC0-301F-11D3-BF4B-00C04F79EFBC}") = "Factorial", "Factorial\Factorial.csproj", "{60664668-FA5B-48CF-804E-B461EAF5B9C0}"
EndProject
Project("{FAE04EC0-301F-11D3-BF4B-00C04F79EFBC}") = "CompareTriplets", "HackerRankAlgo\CompareTriplets.csproj", "{164EC498-88BB-48B2-8D28-0DAA7ACB3640}"
EndProject
Project("{FAE04EC0-301F-11D3-BF4B-00C04F79EFBC}") = "A_Very_Big_Sum", "A_Very_Big_Sum\A_Very_Big_Sum.csproj", "{3332A719-C26B-4F28-B653-C6230AF7BD6C}"
EndProject
Global
	GlobalSection(SolutionConfigurationPlatforms) = preSolution
		Debug|Any CPU = Debug|Any CPU
		Release|Any CPU = Release|Any CPU
	EndGlobalSection
	GlobalSection(ProjectConfigurationPlatforms) = postSolution
		{3F542FB2-2CC7-4C06-BAAB-4092E09B58D0}.Debug|Any CPU.ActiveCfg = Debug|Any CPU
		{3F542FB2-2CC7-4C06-BAAB-4092E09B58D0}.Debug|Any CPU.Build.0 = Debug|Any CPU
		{3F542FB2-2CC7-4C06-BAAB-4092E09B58D0}.Release|Any CPU.ActiveCfg = Release|Any CPU
		{3F542FB2-2CC7-4C06-BAAB-4092E09B58D0}.Release|Any CPU.Build.0 = Release|Any CPU
		{5E787EE8-0D11-4D8A-94DE-831C948EFCC9}.Debug|Any CPU.ActiveCfg = Debug|Any CPU
		{5E787EE8-0D11-4D8A-94DE-831C948EFCC9}.Debug|Any CPU.Build.0 = Debug|Any CPU
		{5E787EE8-0D11-4D8A-94DE-831C948EFCC9}.Release|Any CPU.ActiveCfg = Release|Any CPU
		{5E787EE8-0D11-4D8A-94DE-831C948EFCC9}.Release|Any CPU.Build.0 = Release|Any CPU
		{60664668-FA5B-48CF-804E-B461EAF5B9C0}.Debug|Any CPU.ActiveCfg = Debug|Any CPU
		{60664668-FA5B-48CF-804E-B461EAF5B9C0}.Debug|Any CPU.Build.0 = Debug|Any CPU
		{60664668-FA5B-48CF-804E-B461EAF5B9C0}.Release|Any CPU.ActiveCfg = Release|Any CPU
		{60664668-FA5B-48CF-804E-B461EAF5B9C0}.Release|Any CPU.Build.0 = Release|Any CPU
		{164EC498-88BB-48B2-8D28-0DAA7ACB3640}.Debug|Any CPU.ActiveCfg = Debug|Any CPU
		{164EC498-88BB-48B2-8D28-0DAA7ACB3640}.Debug|Any CPU.Build.0 = Debug|Any CPU
		{164EC498-88BB-48B2-8D28-0DAA7ACB3640}.Release|Any CPU.ActiveCfg = Release|Any CPU
		{164EC498-88BB-48B2-8D28-0DAA7ACB3640}.Release|Any CPU.Build.0 = Release|Any CPU
		{3332A719-C26B-4F28-B653-C6230AF7BD6C}.Debug|Any CPU.ActiveCfg = Debug|Any CPU
		{3332A719-C26B-4F28-B653-C6230AF7BD6C}.Debug|Any CPU.Build.0 = Debug|Any CPU
		{3332A719-C26B-4F28-B653-C6230AF7BD6C}.Release|Any CPU.ActiveCfg = Release|Any CPU
		{3332A719-C26B-4F28-B653-C6230AF7BD6C}.Release|Any CPU.Build.0 = Release|Any CPU
	EndGlobalSection
	GlobalSection(SolutionProperties) = preSolution
		HideSolutionNode = FALSE
	EndGlobalSection
	GlobalSection(ExtensibilityGlobals) = postSolution
		SolutionGuid = {1B7FB323-50A9-41B0-BB3E-8AEBACC0B8F7}
	EndGlobalSection
EndGlobal
